
Microsoft Visual Studio Solution File, Format Version 12.00
# Visual Studio Version 16
VisualStudioVersion = 16.0.32106.194
MinimumVisualStudioVersion = 10.0.40219.1
Project("{FAE04EC0-301F-11D3-BF4B-00C04F79EFBC}") = "01_BasicMovement", "01_BasicMovement\01_BasicMovement.csproj", "{5BD9E533-047D-42B7-9A6A-A2D1E4477EAC}"
EndProject
Project("{2150E333-8FDC-42A3-9474-1A3956D46DE8}") = "libs", "libs", "{0115A3D2-E231-40E0-AE69-89014D84CFF0}"
	ProjectSection(SolutionItems) = preProject
		libs\assimp.dll = libs\assimp.dll
		libs\assimp32.dll.x86 = libs\assimp32.dll.x86
		libs\AssimpNet.dll = libs\AssimpNet.dll
		libs\glTFLoader.dll = libs\glTFLoader.dll
		libs\KWEngine2.dll = libs\KWEngine2.dll
		libs\KWEngine2.xml = libs\KWEngine2.xml
		libs\Newtonsoft.Json.dll = libs\Newtonsoft.Json.dll
		libs\OpenAL32.dll = libs\OpenAL32.dll
		libs\OpenAL32.dll.x86 = libs\OpenAL32.dll.x86
		libs\OpenTK.dll = libs\OpenTK.dll
	EndProjectSection
EndProject
Project("{2150E333-8FDC-42A3-9474-1A3956D46DE8}") = "textures", "textures", "{E1410BE1-8D1F-4895-9D7F-75607B1387F1}"
	ProjectSection(SolutionItems) = preProject
		textures\pavement_06_albedo.dds = textures\pavement_06_albedo.dds
		textures\pavement_06_normal.dds = textures\pavement_06_normal.dds
		textures\pavement_06_roughness.dds = textures\pavement_06_roughness.dds
		textures\scifi_tile_02_albedo.dds = textures\scifi_tile_02_albedo.dds
		textures\scifi_tile_02_metallic.dds = textures\scifi_tile_02_metallic.dds
		textures\scifi_tile_02_normal.dds = textures\scifi_tile_02_normal.dds
		textures\scifi_tile_02_roughness.dds = textures\scifi_tile_02_roughness.dds
		textures\scifi_tile_03_albedo.dds = textures\scifi_tile_03_albedo.dds
		textures\scifi_tile_03_emissive.dds = textures\scifi_tile_03_emissive.dds
		textures\scifi_tile_03_metallic.dds = textures\scifi_tile_03_metallic.dds
		textures\scifi_tile_03_normal.dds = textures\scifi_tile_03_normal.dds
		textures\scifi_tile_03_roughness.dds = textures\scifi_tile_03_roughness.dds
		textures\spacebackground.dds = textures\spacebackground.dds
		textures\tiles.jpg = textures\tiles.jpg
		textures\tiles_normal.jpg = textures\tiles_normal.jpg
		textures\tiles_roughness.png = textures\tiles_roughness.png
	EndProjectSection
EndProject
Project("{2150E333-8FDC-42A3-9474-1A3956D46DE8}") = "models", "models", "{F74A8B11-BEEC-4D99-AA1A-0A7C481F78C8}"
	ProjectSection(SolutionItems) = preProject
		models\Nightshade.fbx = models\Nightshade.fbx
		models\Nightshade_diffuse.dds = models\Nightshade_diffuse.dds
		models\Nightshade_glow.dds = models\Nightshade_glow.dds
		models\Nightshade_normal.dds = models\Nightshade_normal.dds
		models\Nightshade_specular.dds = models\Nightshade_specular.dds
		models\Ortiz.fbx = models\Ortiz.fbx
		models\Ortiz_diffuse.dds = models\Ortiz_diffuse.dds
		models\Ortiz_normal.dds = models\Ortiz_normal.dds
		models\Ortiz_specular.dds = models\Ortiz_specular.dds
		models\spaceship4.jpg = models\spaceship4.jpg
		models\spaceship4.mtl = models\spaceship4.mtl
		models\spaceship4.obj = models\spaceship4.obj
		models\ubot.fbx = models\ubot.fbx
		models\ubot_diffuse.png = models\ubot_diffuse.png
		models\ubot_specular.png = models\ubot_specular.png
	EndProjectSection
EndProject
Project("{FAE04EC0-301F-11D3-BF4B-00C04F79EFBC}") = "02_MouseInteractions", "02_MouseInteractions\02_MouseInteractions.csproj", "{CE42A7AD-7B31-4D00-B271-551F1BB6B362}"
EndProject
Project("{FAE04EC0-301F-11D3-BF4B-00C04F79EFBC}") = "10_JumpAndRunPhysics", "10_JumpAndRunPhysics\10_JumpAndRunPhysics.csproj", "{8ECC6103-8398-4339-9E47-402D3D86CE71}"
EndProject
Project("{2150E333-8FDC-42A3-9474-1A3956D46DE8}") = "sfx", "sfx", "{32399DF6-A361-4C3F-B290-AE44232565C2}"
	ProjectSection(SolutionItems) = preProject
		sfx\jumpLand.ogg = sfx\jumpLand.ogg
		sfx\jumpUp.ogg = sfx\jumpUp.ogg
	EndProjectSection
EndProject
Project("{FAE04EC0-301F-11D3-BF4B-00C04F79EFBC}") = "04_LightsAndShadows", "04_LightsAndShadows\04_LightsAndShadows.csproj", "{81803170-71AA-420E-B8B8-EE4771D4F232}"
EndProject
Project("{FAE04EC0-301F-11D3-BF4B-00C04F79EFBC}") = "03_CollisionDetection", "03_CollisionDetection\03_CollisionDetection.csproj", "{FE085D9D-33E2-4C2D-AC14-5C52DA8082C7}"
EndProject
Global
	GlobalSection(SolutionConfigurationPlatforms) = preSolution
		Debug|Any CPU = Debug|Any CPU
		Release|Any CPU = Release|Any CPU
	EndGlobalSection
	GlobalSection(ProjectConfigurationPlatforms) = postSolution
		{5BD9E533-047D-42B7-9A6A-A2D1E4477EAC}.Debug|Any CPU.ActiveCfg = Debug|Any CPU
		{5BD9E533-047D-42B7-9A6A-A2D1E4477EAC}.Debug|Any CPU.Build.0 = Debug|Any CPU
		{5BD9E533-047D-42B7-9A6A-A2D1E4477EAC}.Release|Any CPU.ActiveCfg = Release|Any CPU
		{5BD9E533-047D-42B7-9A6A-A2D1E4477EAC}.Release|Any CPU.Build.0 = Release|Any CPU
		{CE42A7AD-7B31-4D00-B271-551F1BB6B362}.Debug|Any CPU.ActiveCfg = Debug|Any CPU
		{CE42A7AD-7B31-4D00-B271-551F1BB6B362}.Debug|Any CPU.Build.0 = Debug|Any CPU
		{CE42A7AD-7B31-4D00-B271-551F1BB6B362}.Release|Any CPU.ActiveCfg = Release|Any CPU
		{CE42A7AD-7B31-4D00-B271-551F1BB6B362}.Release|Any CPU.Build.0 = Release|Any CPU
		{8ECC6103-8398-4339-9E47-402D3D86CE71}.Debug|Any CPU.ActiveCfg = Debug|Any CPU
		{8ECC6103-8398-4339-9E47-402D3D86CE71}.Debug|Any CPU.Build.0 = Debug|Any CPU
		{8ECC6103-8398-4339-9E47-402D3D86CE71}.Release|Any CPU.ActiveCfg = Release|Any CPU
		{8ECC6103-8398-4339-9E47-402D3D86CE71}.Release|Any CPU.Build.0 = Release|Any CPU
		{81803170-71AA-420E-B8B8-EE4771D4F232}.Debug|Any CPU.ActiveCfg = Debug|Any CPU
		{81803170-71AA-420E-B8B8-EE4771D4F232}.Debug|Any CPU.Build.0 = Debug|Any CPU
		{81803170-71AA-420E-B8B8-EE4771D4F232}.Release|Any CPU.ActiveCfg = Release|Any CPU
		{81803170-71AA-420E-B8B8-EE4771D4F232}.Release|Any CPU.Build.0 = Release|Any CPU
		{FE085D9D-33E2-4C2D-AC14-5C52DA8082C7}.Debug|Any CPU.ActiveCfg = Debug|Any CPU
		{FE085D9D-33E2-4C2D-AC14-5C52DA8082C7}.Debug|Any CPU.Build.0 = Debug|Any CPU
		{FE085D9D-33E2-4C2D-AC14-5C52DA8082C7}.Release|Any CPU.ActiveCfg = Release|Any CPU
		{FE085D9D-33E2-4C2D-AC14-5C52DA8082C7}.Release|Any CPU.Build.0 = Release|Any CPU
	EndGlobalSection
	GlobalSection(SolutionProperties) = preSolution
		HideSolutionNode = FALSE
	EndGlobalSection
	GlobalSection(ExtensibilityGlobals) = postSolution
		SolutionGuid = {C275F17B-34AD-4C75-926C-7FFF03433186}
	EndGlobalSection
EndGlobal
